// !$*UTF8*$!
{
	archiveVersion = 1;
	classes = {
	};
	objectVersion = 46;
	objects = {

/* Begin PBXBuildFile section */
		9D7F467E1ED3148F00AC7349 /* AppDelegate.swift in Sources */ = {isa = PBXBuildFile; fileRef = 9D7F467D1ED3148F00AC7349 /* AppDelegate.swift */; };
		9D7F46801ED3148F00AC7349 /* ViewController.swift in Sources */ = {isa = PBXBuildFile; fileRef = 9D7F467F1ED3148F00AC7349 /* ViewController.swift */; };
		9D7F46831ED3148F00AC7349 /* Main.storyboard in Resources */ = {isa = PBXBuildFile; fileRef = 9D7F46811ED3148F00AC7349 /* Main.storyboard */; };
		9D7F46851ED3148F00AC7349 /* Assets.xcassets in Resources */ = {isa = PBXBuildFile; fileRef = 9D7F46841ED3148F00AC7349 /* Assets.xcassets */; };
		9D7F46881ED3148F00AC7349 /* LaunchScreen.storyboard in Resources */ = {isa = PBXBuildFile; fileRef = 9D7F46861ED3148F00AC7349 /* LaunchScreen.storyboard */; };
		A88B368624499C6F4218EAAC /* Pods_WeatherApp.framework in Frameworks */ = {isa = PBXBuildFile; fileRef = AFD8E7F308EBE95EDC83E067 /* Pods_WeatherApp.framework */; };
/* End PBXBuildFile section */

/* Begin PBXFileReference section */
		9D7F467A1ED3148F00AC7349 /* WeatherApp.app */ = {isa = PBXFileReference; explicitFileType = wrapper.application; includeInIndex = 0; path = WeatherApp.app; sourceTree = BUILT_PRODUCTS_DIR; };
		9D7F467D1ED3148F00AC7349 /* AppDelegate.swift */ = {isa = PBXFileReference; lastKnownFileType = sourcecode.swift; path = AppDelegate.swift; sourceTree = "<group>"; };
		9D7F467F1ED3148F00AC7349 /* ViewController.swift */ = {isa = PBXFileReference; lastKnownFileType = sourcecode.swift; path = ViewController.swift; sourceTree = "<group>"; };
		9D7F46821ED3148F00AC7349 /* Base */ = {isa = PBXFileReference; lastKnownFileType = file.storyboard; name = Base; path = Base.lproj/Main.storyboard; sourceTree = "<group>"; };
		9D7F46841ED3148F00AC7349 /* Assets.xcassets */ = {isa = PBXFileReference; lastKnownFileType = folder.assetcatalog; path = Assets.xcassets; sourceTree = "<group>"; };
		9D7F46871ED3148F00AC7349 /* Base */ = {isa = PBXFileReference; lastKnownFileType = file.storyboard; name = Base; path = Base.lproj/LaunchScreen.storyboard; sourceTree = "<group>"; };
		9D7F46891ED3148F00AC7349 /* Info.plist */ = {isa = PBXFileReference; lastKnownFileType = text.plist.xml; path = Info.plist; sourceTree = "<group>"; };
		AFD8E7F308EBE95EDC83E067 /* Pods_WeatherApp.framework */ = {isa = PBXFileReference; explicitFileType = wrapper.framework; includeInIndex = 0; path = Pods_WeatherApp.framework; sourceTree = BUILT_PRODUCTS_DIR; };
		C0899A18D4CED14D440BE272 /* Pods-WeatherApp.release.xcconfig */ = {isa = PBXFileReference; includeInIndex = 1; lastKnownFileType = text.xcconfig; name = "Pods-WeatherApp.release.xcconfig"; path = "Pods/Target Support Files/Pods-WeatherApp/Pods-WeatherApp.release.xcconfig"; sourceTree = "<group>"; };
		F2C7D645F060837B9D80B913 /* Pods-WeatherApp.debug.xcconfig */ = {isa = PBXFileReference; includeInIndex = 1; lastKnownFileType = text.xcconfig; name = "Pods-WeatherApp.debug.xcconfig"; path = "Pods/Target Support Files/Pods-WeatherApp/Pods-WeatherApp.debug.xcconfig"; sourceTree = "<group>"; };
/* End PBXFileReference section */

/* Begin PBXFrameworksBuildPhase section */
		9D7F46771ED3148F00AC7349 /* Frameworks */ = {
			isa = PBXFrameworksBuildPhase;
			buildActionMask = 2147483647;
			files = (
				A88B368624499C6F4218EAAC /* Pods_WeatherApp.framework in Frameworks */,
			);
			runOnlyForDeploymentPostprocessing = 0;
		};
/* End PBXFrameworksBuildPhase section */

/* Begin PBXGroup section */
		3C094DAD9BDD833E46564E7F /* Frameworks */ = {
			isa = PBXGroup;
			children = (
				AFD8E7F308EBE95EDC83E067 /* Pods_WeatherApp.framework */,
			);
			name = Frameworks;
			sourceTree = "<group>";
		};
		9D7F46711ED3148F00AC7349 = {
			isa = PBXGroup;
			children = (
				9D7F467C1ED3148F00AC7349 /* WeatherApp */,
				9D7F467B1ED3148F00AC7349 /* Products */,
				FD8A5F06A6E1DE1EDDFCC033 /* Pods */,
				3C094DAD9BDD833E46564E7F /* Frameworks */,
			);
			sourceTree = "<group>";
		};
		9D7F467B1ED3148F00AC7349 /* Products */ = {
			isa = PBXGroup;
			children = (
				9D7F467A1ED3148F00AC7349 /* WeatherApp.app */,
			);
			name = Products;
			sourceTree = "<group>";
		};
		9D7F467C1ED3148F00AC7349 /* WeatherApp */ = {
			isa = PBXGroup;
			children = (
				9D7F467D1ED3148F00AC7349 /* AppDelegate.swift */,
				9D7F467F1ED3148F00AC7349 /* ViewController.swift */,
				9D7F46811ED3148F00AC7349 /* Main.storyboard */,
				9D7F46841ED3148F00AC7349 /* Assets.xcassets */,
				9D7F46861ED3148F00AC7349 /* LaunchScreen.storyboard */,
				9D7F46891ED3148F00AC7349 /* Info.plist */,
			);
			path = WeatherApp;
			sourceTree = "<group>";
		};
		FD8A5F06A6E1DE1EDDFCC033 /* Pods */ = {
			isa = PBXGroup;
			children = (
				F2C7D645F060837B9D80B913 /* Pods-WeatherApp.debug.xcconfig */,
				C0899A18D4CED14D440BE272 /* Pods-WeatherApp.release.xcconfig */,
			);
			name = Pods;
			sourceTree = "<group>";
		};
/* End PBXGroup section */

/* Begin PBXNativeTarget section */
		9D7F46791ED3148F00AC7349 /* WeatherApp */ = {
			isa = PBXNativeTarget;
			buildConfigurationList = 9D7F468C1ED3148F00AC7349 /* Build configuration list for PBXNativeTarget "WeatherApp" */;
			buildPhases = (
				9F498A4C48F78D24438CA315 /* [CP] Check Pods Manifest.lock */,
				9D7F46761ED3148F00AC7349 /* Sources */,
				9D7F46771ED3148F00AC7349 /* Frameworks */,
				9D7F46781ED3148F00AC7349 /* Resources */,
				1FBEAA0706CB001172096787 /* [CP] Embed Pods Frameworks */,
				49BF8102214DCA11055A08B2 /* [CP] Copy Pods Resources */,
			);
			buildRules = (
			);
			dependencies = (
			);
			name = WeatherApp;
			productName = WeatherApp;
			productReference = 9D7F467A1ED3148F00AC7349 /* WeatherApp.app */;
			productType = "com.apple.product-type.application";
		};
/* End PBXNativeTarget section */

/* Begin PBXProject section */
		9D7F46721ED3148F00AC7349 /* Project object */ = {
			isa = PBXProject;
			attributes = {
				LastSwiftUpdateCheck = 0830;
				LastUpgradeCheck = 0830;
				ORGANIZATIONNAME = "taras team";
				TargetAttributes = {
					9D7F46791ED3148F00AC7349 = {
						CreatedOnToolsVersion = 8.3.2;
						DevelopmentTeam = L5H8Z4UVXQ;
						ProvisioningStyle = Automatic;
					};
				};
			};
			buildConfigurationList = 9D7F46751ED3148F00AC7349 /* Build configuration list for PBXProject "WeatherApp" */;
			compatibilityVersion = "Xcode 3.2";
			developmentRegion = English;
			hasScannedForEncodings = 0;
			knownRegions = (
				en,
				Base,
			);
			mainGroup = 9D7F46711ED3148F00AC7349;
			productRefGroup = 9D7F467B1ED3148F00AC7349 /* Products */;
			projectDirPath = "";
			projectRoot = "";
			targets = (
				9D7F46791ED3148F00AC7349 /* WeatherApp */,
			);
		};
/* End PBXProject section */

/* Begin PBXResourcesBuildPhase section */
		9D7F46781ED3148F00AC7349 /* Resources */ = {
			isa = PBXResourcesBuildPhase;
			buildActionMask = 2147483647;
			files = (
				9D7F46881ED3148F00AC7349 /* LaunchScreen.storyboard in Resources */,
				9D7F46851ED3148F00AC7349 /* Assets.xcassets in Resources */,
				9D7F46831ED3148F00AC7349 /* Main.storyboard in Resources */,
			);
			runOnlyForDeploymentPostprocessing = 0;
		};
/* End PBXResourcesBuildPhase section */

/* Begin PBXShellScriptBuildPhase section */
		1FBEAA0706CB001172096787 /* [CP] Embed Pods Frameworks */ = {
			isa = PBXShellScriptBuildPhase;
			buildActionMask = 2147483647;
			files = (
			);
			inputPaths = (
			);
			name = "[CP] Embed Pods Frameworks";
			outputPaths = (
			);
			runOnlyForDeploymentPostprocessing = 0;
			shellPath = /bin/sh;
			shellScript = "\"${SRCROOT}/Pods/Target Support Files/Pods-WeatherApp/Pods-WeatherApp-frameworks.sh\"\n";
			showEnvVarsInLog = 0;
		};
		49BF8102214DCA11055A08B2 /* [CP] Copy Pods Resources */ = {
			isa = PBXShellScriptBuildPhase;
			buildActionMask = 2147483647;
			files = (
			);
			inputPaths = (
			);
			name = "[CP] Copy Pods Resources";
			outputPaths = (
			);
			runOnlyForDeploymentPostprocessing = 0;
			shellPath = /bin/sh;
			shellScript = "\"${SRCROOT}/Pods/Target Support Files/Pods-WeatherApp/Pods-WeatherApp-resources.sh\"\n";
			showEnvVarsInLog = 0;
		};
		9F498A4C48F78D24438CA315 /* [CP] Check Pods Manifest.lock */ = {
			isa = PBXShellScriptBuildPhase;
			buildActionMask = 2147483647;
			files = (
			);
			inputPaths = (
			);
			name = "[CP] Check Pods Manifest.lock";
			outputPaths = (
			);
			runOnlyForDeploymentPostprocessing = 0;
			shellPath = /bin/sh;
			shellScript = "diff \"${PODS_ROOT}/../Podfile.lock\" \"${PODS_ROOT}/Manifest.lock\" > /dev/null\nif [ $? != 0 ] ; then\n    # print error to STDERR\n    echo \"error: The sandbox is not in sync with the Podfile.lock. Run 'pod install' or update your CocoaPods installation.\" >&2\n    exit 1\nfi\n";
			showEnvVarsInLog = 0;
		};
/* End PBXShellScriptBuildPhase section */

/* Begin PBXSourcesBuildPhase section */
		9D7F46761ED3148F00AC7349 /* Sources */ = {
			isa = PBXSourcesBuildPhase;
			buildActionMask = 2147483647;
			files = (
				9D7F46801ED3148F00AC7349 /* ViewController.swift in Sources */,
				9D7F467E1ED3148F00AC7349 /* AppDelegate.swift in Sources */,
			);
			runOnlyForDeploymentPostprocessing = 0;
		};
/* End PBXSourcesBuildPhase section */

/* Begin PBXVariantGroup section */
		9D7F46811ED3148F00AC7349 /* Main.storyboard */ = {
			isa = PBXVariantGroup;
			children = (
				9D7F46821ED3148F00AC7349 /* Base */,
			);
			name = Main.storyboard;
			sourceTree = "<group>";
		};
		9D7F46861ED3148F00AC7349 /* LaunchScreen.storyboard */ = {
			isa = PBXVariantGroup;
			children = (
				9D7F46871ED3148F00AC7349 /* Base */,
			);
			name = LaunchScreen.storyboard;
			sourceTree = "<group>";
		};
/* End PBXVariantGroup section */

/* Begin XCBuildConfiguration section */
		9D7F468A1ED3148F00AC7349 /* Debug */ = {
			isa = XCBuildConfiguration;
			buildSettings = {
				ALWAYS_SEARCH_USER_PATHS = NO;
				CLANG_ANALYZER_NONNULL = YES;
				CLANG_ANALYZER_NUMBER_OBJECT_CONVERSION = YES_AGGRESSIVE;
				CLANG_CXX_LANGUAGE_STANDARD = "gnu++0x";
				CLANG_CXX_LIBRARY = "libc++";
				CLANG_ENABLE_MODULES = YES;
				CLANG_ENABLE_OBJC_ARC = YES;
				CLANG_WARN_BOOL_CONVERSION = YES;
				CLANG_WARN_CONSTANT_CONVERSION = YES;
				CLANG_WARN_DIRECT_OBJC_ISA_USAGE = YES_ERROR;
				CLANG_WARN_DOCUMENTATION_COMMENTS = YES;
				CLANG_WARN_EMPTY_BODY = YES;
				CLANG_WARN_ENUM_CONVERSION = YES;
				CLANG_WARN_INFINITE_RECURSION = YES;
				CLANG_WARN_INT_CONVERSION = YES;
				CLANG_WARN_OBJC_ROOT_CLASS = YES_ERROR;
				CLANG_WARN_SUSPICIOUS_MOVE = YES;
				CLANG_WARN_UNREACHABLE_CODE = YES;
				CLANG_WARN__DUPLICATE_METHOD_MATCH = YES;
				"CODE_SIGN_IDENTITY[sdk=iphoneos*]" = "iPhone Developer";
				COPY_PHASE_STRIP = NO;
				DEBUG_INFORMATION_FORMAT = dwarf;
				ENABLE_STRICT_OBJC_MSGSEND = YES;
				ENABLE_TESTABILITY = YES;
				GCC_C_LANGUAGE_STANDARD = gnu99;
				GCC_DYNAMIC_NO_PIC = NO;
				GCC_NO_COMMON_BLOCKS = YES;
				GCC_OPTIMIZATION_LEVEL = 0;
				GCC_PREPROCESSOR_DEFINITIONS = (
					"DEBUG=1",
					"$(inherited)",
				);
				GCC_WARN_64_TO_32_BIT_CONVERSION = YES;
				GCC_WARN_ABOUT_RETURN_TYPE = YES_ERROR;
				GCC_WARN_UNDECLARED_SELECTOR = YES;
				GCC_WARN_UNINITIALIZED_AUTOS = YES_AGGRESSIVE;
				GCC_WARN_UNUSED_FUNCTION = YES;
				GCC_WARN_UNUSED_VARIABLE = YES;
				IPHONEOS_DEPLOYMENT_TARGET = 10.3;
				MTL_ENABLE_DEBUG_INFO = YES;
				ONLY_ACTIVE_ARCH = YES;
				SDKROOT = iphoneos;
				SWIFT_ACTIVE_COMPILATION_CONDITIONS = DEBUG;
				SWIFT_OPTIMIZATION_LEVEL = "-Onone";
			};
			name = Debug;
		};
		9D7F468B1ED3148F00AC7349 /* Release */ = {
			isa = XCBuildConfiguration;
			buildSettings = {
				ALWAYS_SEARCH_USER_PATHS = NO;
				CLANG_ANALYZER_NONNULL = YES;
				CLANG_ANALYZER_NUMBER_OBJECT_CONVERSION = YES_AGGRESSIVE;
				CLANG_CXX_LANGUAGE_STANDARD = "gnu++0x";
				CLANG_CXX_LIBRARY = "libc++";
				CLANG_ENABLE_MODULES = YES;
				CLANG_ENABLE_OBJC_ARC = YES;
				CLANG_WARN_BOOL_CONVERSION = YES;
				CLANG_WARN_CONSTANT_CONVERSION = YES;
				CLANG_WARN_DIRECT_OBJC_ISA_USAGE = YES_ERROR;
				CLANG_WARN_DOCUMENTATION_COMMENTS = YES;
				CLANG_WARN_EMPTY_BODY = YES;
				CLANG_WARN_ENUM_CONVERSION = YES;
				CLANG_WARN_INFINITE_RECURSION = YES;
				CLANG_WARN_INT_CONVERSION = YES;
				CLANG_WARN_OBJC_ROOT_CLASS = YES_ERROR;
				CLANG_WARN_SUSPICIOUS_MOVE = YES;
				CLANG_WARN_UNREACHABLE_CODE = YES;
				CLANG_WARN__DUPLICATE_METHOD_MATCH = YES;
				"CODE_SIGN_IDENTITY[sdk=iphoneos*]" = "iPhone Developer";
				COPY_PHASE_STRIP = NO;
				DEBUG_INFORMATION_FORMAT = "dwarf-with-dsym";
				ENABLE_NS_ASSERTIONS = NO;
				ENABLE_STRICT_OBJC_MSGSEND = YES;
				GCC_C_LANGUAGE_STANDARD = gnu99;
				GCC_NO_COMMON_BLOCKS = YES;
				GCC_WARN_64_TO_32_BIT_CONVERSION = YES;
				GCC_WARN_ABOUT_RETURN_TYPE = YES_ERROR;
				GCC_WARN_UNDECLARED_SELECTOR = YES;
				GCC_WARN_UNINITIALIZED_AUTOS = YES_AGGRESSIVE;
				GCC_WARN_UNUSED_FUNCTION = YES;
				GCC_WARN_UNUSED_VARIABLE = YES;
				IPHONEOS_DEPLOYMENT_TARGET = 10.3;
				MTL_ENABLE_DEBUG_INFO = NO;
				SDKROOT = iphoneos;
				SWIFT_OPTIMIZATION_LEVEL = "-Owholemodule";
				VALIDATE_PRODUCT = YES;
			};
			name = Release;
		};
		9D7F468D1ED3148F00AC7349 /* Debug */ = {
			isa = XCBuildConfiguration;
			baseConfigurationReference = F2C7D645F060837B9D80B913 /* Pods-WeatherApp.debug.xcconfig */;
			buildSettings = {
				ASSETCATALOG_COMPILER_APPICON_NAME = AppIcon;
				DEVELOPMENT_TEAM = L5H8Z4UVXQ;
				INFOPLIST_FILE = WeatherApp/Info.plist;
				LD_RUNPATH_SEARCH_PATHS = "$(inherited) @executable_path/Frameworks";
				PRODUCT_BUNDLE_IDENTIFIER = com.tarasapp.WeatherApp;
				PRODUCT_NAME = "$(TARGET_NAME)";
				SWIFT_VERSION = 3.0;
			};
			name = Debug;
		};
		9D7F468E1ED3148F00AC7349 /* Release */ = {
			isa = XCBuildConfiguration;
			baseConfigurationReference = C0899A18D4CED14D440BE272 /* Pods-WeatherApp.release.xcconfig */;
			buildSettings = {
				ASSETCATALOG_COMPILER_APPICON_NAME = AppIcon;
				DEVELOPMENT_TEAM = L5H8Z4UVXQ;
				INFOPLIST_FILE = WeatherApp/Info.plist;
				LD_RUNPATH_SEARCH_PATHS = "$(inherited) @executable_path/Frameworks";
				PRODUCT_BUNDLE_IDENTIFIER = com.tarasapp.WeatherApp;
				PRODUCT_NAME = "$(TARGET_NAME)";
				SWIFT_VERSION = 3.0;
			};
			name = Release;
		};
/* End XCBuildConfiguration section */

/* Begin XCConfigurationList section */
		9D7F46751ED3148F00AC7349 /* Build configuration list for PBXProject "WeatherApp" */ = {
			isa = XCConfigurationList;
			buildConfigurations = (
				9D7F468A1ED3148F00AC7349 /* Debug */,
				9D7F468B1ED3148F00AC7349 /* Release */,
			);
			defaultConfigurationIsVisible = 0;
			defaultConfigurationName = Release;
		};
		9D7F468C1ED3148F00AC7349 /* Build configuration list for PBXNativeTarget "WeatherApp" */ = {
			isa = XCConfigurationList;
			buildConfigurations = (
				9D7F468D1ED3148F00AC7349 /* Debug */,
				9D7F468E1ED3148F00AC7349 /* Release */,
			);
			defaultConfigurationIsVisible = 0;
		};
/* End XCConfigurationList section */
	};
	rootObject = 9D7F46721ED3148F00AC7349 /* Project object */;
}
